// !$*UTF8*$!
{
	archiveVersion = 1;
	classes = {
	};
	objectVersion = 55;
	objects = {

/* Begin PBXBuildFile section */
		DE17B5542965CC8500D2590C /* FirebaseStorage in Frameworks */ = {isa = PBXBuildFile; productRef = DE17B5532965CC8500D2590C /* FirebaseStorage */; };
		DE17B5562965CC8500D2590C /* FirebaseStorageCombine-Community in Frameworks */ = {isa = PBXBuildFile; productRef = DE17B5552965CC8500D2590C /* FirebaseStorageCombine-Community */; };
		DE17B55A2965DED300D2590C /* ViewModel.swift in Sources */ = {isa = PBXBuildFile; fileRef = DE17B5592965DED300D2590C /* ViewModel.swift */; };
		DE17B55C2965DF4000D2590C /* Todo.swift in Sources */ = {isa = PBXBuildFile; fileRef = DE17B55B2965DF4000D2590C /* Todo.swift */; };
		DE17B55E2966E4F700D2590C /* ConfirmedView.swift in Sources */ = {isa = PBXBuildFile; fileRef = DE17B55D2966E4F700D2590C /* ConfirmedView.swift */; };
		DE4811042919335A00BCE15F /* shoppingApp.swift in Sources */ = {isa = PBXBuildFile; fileRef = DE4811032919335A00BCE15F /* shoppingApp.swift */; };
		DE4811062919335A00BCE15F /* ContentView.swift in Sources */ = {isa = PBXBuildFile; fileRef = DE4811052919335A00BCE15F /* ContentView.swift */; };
		DE4811082919335E00BCE15F /* Assets.xcassets in Resources */ = {isa = PBXBuildFile; fileRef = DE4811072919335E00BCE15F /* Assets.xcassets */; };
		DE48110B2919335E00BCE15F /* Preview Assets.xcassets in Resources */ = {isa = PBXBuildFile; fileRef = DE48110A2919335E00BCE15F /* Preview Assets.xcassets */; };
		DE4811152919335F00BCE15F /* shoppingTests.swift in Sources */ = {isa = PBXBuildFile; fileRef = DE4811142919335F00BCE15F /* shoppingTests.swift */; };
		DE48111F2919335F00BCE15F /* shoppingUITests.swift in Sources */ = {isa = PBXBuildFile; fileRef = DE48111E2919335F00BCE15F /* shoppingUITests.swift */; };
		DE4811212919335F00BCE15F /* shoppingUITestsLaunchTests.swift in Sources */ = {isa = PBXBuildFile; fileRef = DE4811202919335F00BCE15F /* shoppingUITestsLaunchTests.swift */; };
		DE48113029193FA500BCE15F /* LoginView.swift in Sources */ = {isa = PBXBuildFile; fileRef = DE48112F29193FA500BCE15F /* LoginView.swift */; };
		DE48113229193FB000BCE15F /* RegisterView.swift in Sources */ = {isa = PBXBuildFile; fileRef = DE48113129193FB000BCE15F /* RegisterView.swift */; };
		DE48113429193FC800BCE15F /* ShopView.swift in Sources */ = {isa = PBXBuildFile; fileRef = DE48113329193FC800BCE15F /* ShopView.swift */; };
		DE4811382919400300BCE15F /* CartView.swift in Sources */ = {isa = PBXBuildFile; fileRef = DE4811372919400300BCE15F /* CartView.swift */; };
		DE48113C2919426C00BCE15F /* DatabaseConnection.swift in Sources */ = {isa = PBXBuildFile; fileRef = DE48113B2919426C00BCE15F /* DatabaseConnection.swift */; };
		DE48113F2919444E00BCE15F /* FirebaseAnalytics in Frameworks */ = {isa = PBXBuildFile; productRef = DE48113E2919444E00BCE15F /* FirebaseAnalytics */; };
		DE4811412919444E00BCE15F /* FirebaseAuth in Frameworks */ = {isa = PBXBuildFile; productRef = DE4811402919444E00BCE15F /* FirebaseAuth */; };
		DE4811432919444E00BCE15F /* FirebaseFirestore in Frameworks */ = {isa = PBXBuildFile; productRef = DE4811422919444E00BCE15F /* FirebaseFirestore */; };
		DE4811452919444E00BCE15F /* FirebaseFirestoreCombine-Community in Frameworks */ = {isa = PBXBuildFile; productRef = DE4811442919444E00BCE15F /* FirebaseFirestoreCombine-Community */; };
		DE4811472919444E00BCE15F /* FirebaseStorage in Frameworks */ = {isa = PBXBuildFile; productRef = DE4811462919444E00BCE15F /* FirebaseStorage */; };
		DE4811492919449F00BCE15F /* GoogleService-Info.plist in Resources */ = {isa = PBXBuildFile; fileRef = DE4811482919449F00BCE15F /* GoogleService-Info.plist */; };
		DE48114B29194A2700BCE15F /* OrderConfirmedView.swift in Sources */ = {isa = PBXBuildFile; fileRef = DE48114A29194A2700BCE15F /* OrderConfirmedView.swift */; };
		DE8168CC291989D200DB11BC /* Product.swift in Sources */ = {isa = PBXBuildFile; fileRef = DE8168CB291989D200DB11BC /* Product.swift */; };
		DE8168CE29198A3A00DB11BC /* CartManager.swift in Sources */ = {isa = PBXBuildFile; fileRef = DE8168CD29198A3A00DB11BC /* CartManager.swift */; };
		DE8168D029198A7900DB11BC /* ProductCard.swift in Sources */ = {isa = PBXBuildFile; fileRef = DE8168CF29198A7900DB11BC /* ProductCard.swift */; };
		DE8168D2291993CA00DB11BC /* CartButton.swift in Sources */ = {isa = PBXBuildFile; fileRef = DE8168D1291993CA00DB11BC /* CartButton.swift */; };
		DE8168D4291993DA00DB11BC /* ProductRow.swift in Sources */ = {isa = PBXBuildFile; fileRef = DE8168D3291993DA00DB11BC /* ProductRow.swift */; };
		DE8168DA291BF53C00DB11BC /* PaymentView.swift in Sources */ = {isa = PBXBuildFile; fileRef = DE8168D9291BF53C00DB11BC /* PaymentView.swift */; };
/* End PBXBuildFile section */

/* Begin PBXContainerItemProxy section */
		DE4811112919335F00BCE15F /* PBXContainerItemProxy */ = {
			isa = PBXContainerItemProxy;
			containerPortal = DE4810F82919335A00BCE15F /* Project object */;
			proxyType = 1;
			remoteGlobalIDString = DE4810FF2919335A00BCE15F;
			remoteInfo = shopping;
		};
		DE48111B2919335F00BCE15F /* PBXContainerItemProxy */ = {
			isa = PBXContainerItemProxy;
			containerPortal = DE4810F82919335A00BCE15F /* Project object */;
			proxyType = 1;
			remoteGlobalIDString = DE4810FF2919335A00BCE15F;
			remoteInfo = shopping;
		};
/* End PBXContainerItemProxy section */

/* Begin PBXFileReference section */
		DE17B5592965DED300D2590C /* ViewModel.swift */ = {isa = PBXFileReference; lastKnownFileType = sourcecode.swift; path = ViewModel.swift; sourceTree = "<group>"; };
		DE17B55B2965DF4000D2590C /* Todo.swift */ = {isa = PBXFileReference; lastKnownFileType = sourcecode.swift; path = Todo.swift; sourceTree = "<group>"; };
		DE17B55D2966E4F700D2590C /* ConfirmedView.swift */ = {isa = PBXFileReference; lastKnownFileType = sourcecode.swift; path = ConfirmedView.swift; sourceTree = "<group>"; };
		DE4811002919335A00BCE15F /* shopping.app */ = {isa = PBXFileReference; explicitFileType = wrapper.application; includeInIndex = 0; path = shopping.app; sourceTree = BUILT_PRODUCTS_DIR; };
		DE4811032919335A00BCE15F /* shoppingApp.swift */ = {isa = PBXFileReference; lastKnownFileType = sourcecode.swift; path = shoppingApp.swift; sourceTree = "<group>"; };
		DE4811052919335A00BCE15F /* ContentView.swift */ = {isa = PBXFileReference; lastKnownFileType = sourcecode.swift; path = ContentView.swift; sourceTree = "<group>"; };
		DE4811072919335E00BCE15F /* Assets.xcassets */ = {isa = PBXFileReference; lastKnownFileType = folder.assetcatalog; path = Assets.xcassets; sourceTree = "<group>"; };
		DE48110A2919335E00BCE15F /* Preview Assets.xcassets */ = {isa = PBXFileReference; lastKnownFileType = folder.assetcatalog; path = "Preview Assets.xcassets"; sourceTree = "<group>"; };
		DE4811102919335F00BCE15F /* shoppingTests.xctest */ = {isa = PBXFileReference; explicitFileType = wrapper.cfbundle; includeInIndex = 0; path = shoppingTests.xctest; sourceTree = BUILT_PRODUCTS_DIR; };
		DE4811142919335F00BCE15F /* shoppingTests.swift */ = {isa = PBXFileReference; lastKnownFileType = sourcecode.swift; path = shoppingTests.swift; sourceTree = "<group>"; };
		DE48111A2919335F00BCE15F /* shoppingUITests.xctest */ = {isa = PBXFileReference; explicitFileType = wrapper.cfbundle; includeInIndex = 0; path = shoppingUITests.xctest; sourceTree = BUILT_PRODUCTS_DIR; };
		DE48111E2919335F00BCE15F /* shoppingUITests.swift */ = {isa = PBXFileReference; lastKnownFileType = sourcecode.swift; path = shoppingUITests.swift; sourceTree = "<group>"; };
		DE4811202919335F00BCE15F /* shoppingUITestsLaunchTests.swift */ = {isa = PBXFileReference; lastKnownFileType = sourcecode.swift; path = shoppingUITestsLaunchTests.swift; sourceTree = "<group>"; };
		DE48112F29193FA500BCE15F /* LoginView.swift */ = {isa = PBXFileReference; lastKnownFileType = sourcecode.swift; path = LoginView.swift; sourceTree = "<group>"; };
		DE48113129193FB000BCE15F /* RegisterView.swift */ = {isa = PBXFileReference; lastKnownFileType = sourcecode.swift; path = RegisterView.swift; sourceTree = "<group>"; };
		DE48113329193FC800BCE15F /* ShopView.swift */ = {isa = PBXFileReference; lastKnownFileType = sourcecode.swift; path = ShopView.swift; sourceTree = "<group>"; };
		DE4811372919400300BCE15F /* CartView.swift */ = {isa = PBXFileReference; lastKnownFileType = sourcecode.swift; path = CartView.swift; sourceTree = "<group>"; };
		DE48113B2919426C00BCE15F /* DatabaseConnection.swift */ = {isa = PBXFileReference; lastKnownFileType = sourcecode.swift; path = DatabaseConnection.swift; sourceTree = "<group>"; };
		DE4811482919449F00BCE15F /* GoogleService-Info.plist */ = {isa = PBXFileReference; fileEncoding = 4; lastKnownFileType = text.plist.xml; path = "GoogleService-Info.plist"; sourceTree = "<group>"; };
		DE48114A29194A2700BCE15F /* OrderConfirmedView.swift */ = {isa = PBXFileReference; lastKnownFileType = sourcecode.swift; path = OrderConfirmedView.swift; sourceTree = "<group>"; };
		DE8168CB291989D200DB11BC /* Product.swift */ = {isa = PBXFileReference; lastKnownFileType = sourcecode.swift; path = Product.swift; sourceTree = "<group>"; };
		DE8168CD29198A3A00DB11BC /* CartManager.swift */ = {isa = PBXFileReference; lastKnownFileType = sourcecode.swift; path = CartManager.swift; sourceTree = "<group>"; };
		DE8168CF29198A7900DB11BC /* ProductCard.swift */ = {isa = PBXFileReference; lastKnownFileType = sourcecode.swift; path = ProductCard.swift; sourceTree = "<group>"; };
		DE8168D1291993CA00DB11BC /* CartButton.swift */ = {isa = PBXFileReference; lastKnownFileType = sourcecode.swift; path = CartButton.swift; sourceTree = "<group>"; };
		DE8168D3291993DA00DB11BC /* ProductRow.swift */ = {isa = PBXFileReference; lastKnownFileType = sourcecode.swift; path = ProductRow.swift; sourceTree = "<group>"; };
		DE8168D9291BF53C00DB11BC /* PaymentView.swift */ = {isa = PBXFileReference; lastKnownFileType = sourcecode.swift; path = PaymentView.swift; sourceTree = "<group>"; };
/* End PBXFileReference section */

/* Begin PBXFrameworksBuildPhase section */
		DE4810FD2919335A00BCE15F /* Frameworks */ = {
			isa = PBXFrameworksBuildPhase;
			buildActionMask = 2147483647;
			files = (
				DE48113F2919444E00BCE15F /* FirebaseAnalytics in Frameworks */,
				DE17B5562965CC8500D2590C /* FirebaseStorageCombine-Community in Frameworks */,
				DE4811452919444E00BCE15F /* FirebaseFirestoreCombine-Community in Frameworks */,
				DE4811412919444E00BCE15F /* FirebaseAuth in Frameworks */,
				DE4811472919444E00BCE15F /* FirebaseStorage in Frameworks */,
				DE4811432919444E00BCE15F /* FirebaseFirestore in Frameworks */,
				DE17B5542965CC8500D2590C /* FirebaseStorage in Frameworks */,
			);
			runOnlyForDeploymentPostprocessing = 0;
		};
		DE48110D2919335F00BCE15F /* Frameworks */ = {
			isa = PBXFrameworksBuildPhase;
			buildActionMask = 2147483647;
			files = (
			);
			runOnlyForDeploymentPostprocessing = 0;
		};
		DE4811172919335F00BCE15F /* Frameworks */ = {
			isa = PBXFrameworksBuildPhase;
			buildActionMask = 2147483647;
			files = (
			);
			runOnlyForDeploymentPostprocessing = 0;
		};
/* End PBXFrameworksBuildPhase section */

/* Begin PBXGroup section */
		DE4810F72919335A00BCE15F = {
			isa = PBXGroup;
			children = (
				DE4811022919335A00BCE15F /* shopping */,
				DE4811132919335F00BCE15F /* shoppingTests */,
				DE48111D2919335F00BCE15F /* shoppingUITests */,
				DE4811012919335A00BCE15F /* Products */,
			);
			sourceTree = "<group>";
		};
		DE4811012919335A00BCE15F /* Products */ = {
			isa = PBXGroup;
			children = (
				DE4811002919335A00BCE15F /* shopping.app */,
				DE4811102919335F00BCE15F /* shoppingTests.xctest */,
				DE48111A2919335F00BCE15F /* shoppingUITests.xctest */,
			);
			name = Products;
			sourceTree = "<group>";
		};
		DE4811022919335A00BCE15F /* shopping */ = {
			isa = PBXGroup;
			children = (
				DE8168CA291989C600DB11BC /* Models */,
				DE48112E29193F8300BCE15F /* views */,
				DE48112D29193F7900BCE15F /* components */,
				DE4811032919335A00BCE15F /* shoppingApp.swift */,
				DE8168CD29198A3A00DB11BC /* CartManager.swift */,
				DE48113B2919426C00BCE15F /* DatabaseConnection.swift */,
				DE4811052919335A00BCE15F /* ContentView.swift */,
				DE4811482919449F00BCE15F /* GoogleService-Info.plist */,
				DE4811072919335E00BCE15F /* Assets.xcassets */,
				DE4811092919335E00BCE15F /* Preview Content */,
			);
			path = shopping;
			sourceTree = "<group>";
		};
		DE4811092919335E00BCE15F /* Preview Content */ = {
			isa = PBXGroup;
			children = (
				DE48110A2919335E00BCE15F /* Preview Assets.xcassets */,
			);
			path = "Preview Content";
			sourceTree = "<group>";
		};
		DE4811132919335F00BCE15F /* shoppingTests */ = {
			isa = PBXGroup;
			children = (
				DE4811142919335F00BCE15F /* shoppingTests.swift */,
			);
			path = shoppingTests;
			sourceTree = "<group>";
		};
		DE48111D2919335F00BCE15F /* shoppingUITests */ = {
			isa = PBXGroup;
			children = (
				DE48111E2919335F00BCE15F /* shoppingUITests.swift */,
				DE4811202919335F00BCE15F /* shoppingUITestsLaunchTests.swift */,
			);
			path = shoppingUITests;
			sourceTree = "<group>";
		};
		DE48112D29193F7900BCE15F /* components */ = {
			isa = PBXGroup;
			children = (
				DE8168CF29198A7900DB11BC /* ProductCard.swift */,
				DE8168D1291993CA00DB11BC /* CartButton.swift */,
				DE8168D3291993DA00DB11BC /* ProductRow.swift */,
			);
			path = components;
			sourceTree = "<group>";
		};
		DE48112E29193F8300BCE15F /* views */ = {
			isa = PBXGroup;
			children = (
				DE48112F29193FA500BCE15F /* LoginView.swift */,
				DE48113129193FB000BCE15F /* RegisterView.swift */,
				DE48113329193FC800BCE15F /* ShopView.swift */,
				DE4811372919400300BCE15F /* CartView.swift */,
				DE48114A29194A2700BCE15F /* OrderConfirmedView.swift */,
				DE8168D9291BF53C00DB11BC /* PaymentView.swift */,
				DE17B5592965DED300D2590C /* ViewModel.swift */,
				DE17B55D2966E4F700D2590C /* ConfirmedView.swift */,
			);
			path = views;
			sourceTree = "<group>";
		};
		DE8168CA291989C600DB11BC /* Models */ = {
			isa = PBXGroup;
			children = (
				DE8168CB291989D200DB11BC /* Product.swift */,
				DE17B55B2965DF4000D2590C /* Todo.swift */,
			);
			path = Models;
			sourceTree = "<group>";
		};
/* End PBXGroup section */

/* Begin PBXNativeTarget section */
		DE4810FF2919335A00BCE15F /* shopping */ = {
			isa = PBXNativeTarget;
			buildConfigurationList = DE4811242919335F00BCE15F /* Build configuration list for PBXNativeTarget "shopping" */;
			buildPhases = (
				DE4810FC2919335A00BCE15F /* Sources */,
				DE4810FD2919335A00BCE15F /* Frameworks */,
				DE4810FE2919335A00BCE15F /* Resources */,
			);
			buildRules = (
			);
			dependencies = (
			);
			name = shopping;
			packageProductDependencies = (
				DE48113E2919444E00BCE15F /* FirebaseAnalytics */,
				DE4811402919444E00BCE15F /* FirebaseAuth */,
				DE4811422919444E00BCE15F /* FirebaseFirestore */,
				DE4811442919444E00BCE15F /* FirebaseFirestoreCombine-Community */,
				DE4811462919444E00BCE15F /* FirebaseStorage */,
				DE17B5532965CC8500D2590C /* FirebaseStorage */,
				DE17B5552965CC8500D2590C /* FirebaseStorageCombine-Community */,
			);
			productName = shopping;
			productReference = DE4811002919335A00BCE15F /* shopping.app */;
			productType = "com.apple.product-type.application";
		};
		DE48110F2919335F00BCE15F /* shoppingTests */ = {
			isa = PBXNativeTarget;
			buildConfigurationList = DE4811272919335F00BCE15F /* Build configuration list for PBXNativeTarget "shoppingTests" */;
			buildPhases = (
				DE48110C2919335F00BCE15F /* Sources */,
				DE48110D2919335F00BCE15F /* Frameworks */,
				DE48110E2919335F00BCE15F /* Resources */,
			);
			buildRules = (
			);
			dependencies = (
				DE4811122919335F00BCE15F /* PBXTargetDependency */,
			);
			name = shoppingTests;
			productName = shoppingTests;
			productReference = DE4811102919335F00BCE15F /* shoppingTests.xctest */;
			productType = "com.apple.product-type.bundle.unit-test";
		};
		DE4811192919335F00BCE15F /* shoppingUITests */ = {
			isa = PBXNativeTarget;
			buildConfigurationList = DE48112A2919335F00BCE15F /* Build configuration list for PBXNativeTarget "shoppingUITests" */;
			buildPhases = (
				DE4811162919335F00BCE15F /* Sources */,
				DE4811172919335F00BCE15F /* Frameworks */,
				DE4811182919335F00BCE15F /* Resources */,
			);
			buildRules = (
			);
			dependencies = (
				DE48111C2919335F00BCE15F /* PBXTargetDependency */,
			);
			name = shoppingUITests;
			productName = shoppingUITests;
			productReference = DE48111A2919335F00BCE15F /* shoppingUITests.xctest */;
			productType = "com.apple.product-type.bundle.ui-testing";
		};
/* End PBXNativeTarget section */

/* Begin PBXProject section */
		DE4810F82919335A00BCE15F /* Project object */ = {
			isa = PBXProject;
			attributes = {
				BuildIndependentTargetsInParallel = 1;
				LastSwiftUpdateCheck = 1340;
				LastUpgradeCheck = 1340;
				TargetAttributes = {
					DE4810FF2919335A00BCE15F = {
						CreatedOnToolsVersion = 13.4.1;
					};
					DE48110F2919335F00BCE15F = {
						CreatedOnToolsVersion = 13.4.1;
						TestTargetID = DE4810FF2919335A00BCE15F;
					};
					DE4811192919335F00BCE15F = {
						CreatedOnToolsVersion = 13.4.1;
						TestTargetID = DE4810FF2919335A00BCE15F;
					};
				};
			};
			buildConfigurationList = DE4810FB2919335A00BCE15F /* Build configuration list for PBXProject "shopping" */;
			compatibilityVersion = "Xcode 13.0";
			developmentRegion = en;
			hasScannedForEncodings = 0;
			knownRegions = (
				en,
				Base,
			);
			mainGroup = DE4810F72919335A00BCE15F;
			packageReferences = (
				DE48113D2919444E00BCE15F /* XCRemoteSwiftPackageReference "firebase-ios-sdk" */,
				DE17B5522965CC8500D2590C /* XCRemoteSwiftPackageReference "firebase-ios-sdk" */,
			);
			productRefGroup = DE4811012919335A00BCE15F /* Products */;
			projectDirPath = "";
			projectRoot = "";
			targets = (
				DE4810FF2919335A00BCE15F /* shopping */,
				DE48110F2919335F00BCE15F /* shoppingTests */,
				DE4811192919335F00BCE15F /* shoppingUITests */,
			);
		};
/* End PBXProject section */

/* Begin PBXResourcesBuildPhase section */
		DE4810FE2919335A00BCE15F /* Resources */ = {
			isa = PBXResourcesBuildPhase;
			buildActionMask = 2147483647;
			files = (
				DE4811492919449F00BCE15F /* GoogleService-Info.plist in Resources */,
				DE48110B2919335E00BCE15F /* Preview Assets.xcassets in Resources */,
				DE4811082919335E00BCE15F /* Assets.xcassets in Resources */,
			);
			runOnlyForDeploymentPostprocessing = 0;
		};
		DE48110E2919335F00BCE15F /* Resources */ = {
			isa = PBXResourcesBuildPhase;
			buildActionMask = 2147483647;
			files = (
			);
			runOnlyForDeploymentPostprocessing = 0;
		};
		DE4811182919335F00BCE15F /* Resources */ = {
			isa = PBXResourcesBuildPhase;
			buildActionMask = 2147483647;
			files = (
			);
			runOnlyForDeploymentPostprocessing = 0;
		};
/* End PBXResourcesBuildPhase section */

/* Begin PBXSourcesBuildPhase section */
		DE4810FC2919335A00BCE15F /* Sources */ = {
			isa = PBXSourcesBuildPhase;
			buildActionMask = 2147483647;
			files = (
				DE48113C2919426C00BCE15F /* DatabaseConnection.swift in Sources */,
				DE8168CE29198A3A00DB11BC /* CartManager.swift in Sources */,
				DE8168D4291993DA00DB11BC /* ProductRow.swift in Sources */,
				DE17B55E2966E4F700D2590C /* ConfirmedView.swift in Sources */,
				DE48113029193FA500BCE15F /* LoginView.swift in Sources */,
				DE8168D029198A7900DB11BC /* ProductCard.swift in Sources */,
				DE17B55A2965DED300D2590C /* ViewModel.swift in Sources */,
				DE8168D2291993CA00DB11BC /* CartButton.swift in Sources */,
				DE4811382919400300BCE15F /* CartView.swift in Sources */,
				DE48113229193FB000BCE15F /* RegisterView.swift in Sources */,
				DE8168CC291989D200DB11BC /* Product.swift in Sources */,
				DE4811062919335A00BCE15F /* ContentView.swift in Sources */,
				DE17B55C2965DF4000D2590C /* Todo.swift in Sources */,
				DE48113429193FC800BCE15F /* ShopView.swift in Sources */,
				DE48114B29194A2700BCE15F /* OrderConfirmedView.swift in Sources */,
				DE8168DA291BF53C00DB11BC /* PaymentView.swift in Sources */,
				DE4811042919335A00BCE15F /* shoppingApp.swift in Sources */,
			);
			runOnlyForDeploymentPostprocessing = 0;
		};
		DE48110C2919335F00BCE15F /* Sources */ = {
			isa = PBXSourcesBuildPhase;
			buildActionMask = 2147483647;
			files = (
				DE4811152919335F00BCE15F /* shoppingTests.swift in Sources */,
			);
			runOnlyForDeploymentPostprocessing = 0;
		};
		DE4811162919335F00BCE15F /* Sources */ = {
			isa = PBXSourcesBuildPhase;
			buildActionMask = 2147483647;
			files = (
				DE4811212919335F00BCE15F /* shoppingUITestsLaunchTests.swift in Sources */,
				DE48111F2919335F00BCE15F /* shoppingUITests.swift in Sources */,
			);
			runOnlyForDeploymentPostprocessing = 0;
		};
/* End PBXSourcesBuildPhase section */

/* Begin PBXTargetDependency section */
		DE4811122919335F00BCE15F /* PBXTargetDependency */ = {
			isa = PBXTargetDependency;
			target = DE4810FF2919335A00BCE15F /* shopping */;
			targetProxy = DE4811112919335F00BCE15F /* PBXContainerItemProxy */;
		};
		DE48111C2919335F00BCE15F /* PBXTargetDependency */ = {
			isa = PBXTargetDependency;
			target = DE4810FF2919335A00BCE15F /* shopping */;
			targetProxy = DE48111B2919335F00BCE15F /* PBXContainerItemProxy */;
		};
/* End PBXTargetDependency section */

/* Begin XCBuildConfiguration section */
		DE4811222919335F00BCE15F /* Debug */ = {
			isa = XCBuildConfiguration;
			buildSettings = {
				ALWAYS_SEARCH_USER_PATHS = NO;
				CLANG_ANALYZER_NONNULL = YES;
				CLANG_ANALYZER_NUMBER_OBJECT_CONVERSION = YES_AGGRESSIVE;
				CLANG_CXX_LANGUAGE_STANDARD = "gnu++17";
				CLANG_ENABLE_MODULES = YES;
				CLANG_ENABLE_OBJC_ARC = YES;
				CLANG_ENABLE_OBJC_WEAK = YES;
				CLANG_WARN_BLOCK_CAPTURE_AUTORELEASING = YES;
				CLANG_WARN_BOOL_CONVERSION = YES;
				CLANG_WARN_COMMA = YES;
				CLANG_WARN_CONSTANT_CONVERSION = YES;
				CLANG_WARN_DEPRECATED_OBJC_IMPLEMENTATIONS = YES;
				CLANG_WARN_DIRECT_OBJC_ISA_USAGE = YES_ERROR;
				CLANG_WARN_DOCUMENTATION_COMMENTS = YES;
				CLANG_WARN_EMPTY_BODY = YES;
				CLANG_WARN_ENUM_CONVERSION = YES;
				CLANG_WARN_INFINITE_RECURSION = YES;
				CLANG_WARN_INT_CONVERSION = YES;
				CLANG_WARN_NON_LITERAL_NULL_CONVERSION = YES;
				CLANG_WARN_OBJC_IMPLICIT_RETAIN_SELF = YES;
				CLANG_WARN_OBJC_LITERAL_CONVERSION = YES;
				CLANG_WARN_OBJC_ROOT_CLASS = YES_ERROR;
				CLANG_WARN_QUOTED_INCLUDE_IN_FRAMEWORK_HEADER = YES;
				CLANG_WARN_RANGE_LOOP_ANALYSIS = YES;
				CLANG_WARN_STRICT_PROTOTYPES = YES;
				CLANG_WARN_SUSPICIOUS_MOVE = YES;
				CLANG_WARN_UNGUARDED_AVAILABILITY = YES_AGGRESSIVE;
				CLANG_WARN_UNREACHABLE_CODE = YES;
				CLANG_WARN__DUPLICATE_METHOD_MATCH = YES;
				COPY_PHASE_STRIP = NO;
				DEBUG_INFORMATION_FORMAT = dwarf;
				ENABLE_STRICT_OBJC_MSGSEND = YES;
				ENABLE_TESTABILITY = YES;
				GCC_C_LANGUAGE_STANDARD = gnu11;
				GCC_DYNAMIC_NO_PIC = NO;
				GCC_NO_COMMON_BLOCKS = YES;
				GCC_OPTIMIZATION_LEVEL = 0;
				GCC_PREPROCESSOR_DEFINITIONS = (
					"DEBUG=1",
					"$(inherited)",
				);
				GCC_WARN_64_TO_32_BIT_CONVERSION = YES;
				GCC_WARN_ABOUT_RETURN_TYPE = YES_ERROR;
				GCC_WARN_UNDECLARED_SELECTOR = YES;
				GCC_WARN_UNINITIALIZED_AUTOS = YES_AGGRESSIVE;
				GCC_WARN_UNUSED_FUNCTION = YES;
				GCC_WARN_UNUSED_VARIABLE = YES;
				IPHONEOS_DEPLOYMENT_TARGET = 15.5;
				MTL_ENABLE_DEBUG_INFO = INCLUDE_SOURCE;
				MTL_FAST_MATH = YES;
				ONLY_ACTIVE_ARCH = YES;
				SDKROOT = iphoneos;
				SWIFT_ACTIVE_COMPILATION_CONDITIONS = DEBUG;
				SWIFT_OPTIMIZATION_LEVEL = "-Onone";
			};
			name = Debug;
		};
		DE4811232919335F00BCE15F /* Release */ = {
			isa = XCBuildConfiguration;
			buildSettings = {
				ALWAYS_SEARCH_USER_PATHS = NO;
				CLANG_ANALYZER_NONNULL = YES;
				CLANG_ANALYZER_NUMBER_OBJECT_CONVERSION = YES_AGGRESSIVE;
				CLANG_CXX_LANGUAGE_STANDARD = "gnu++17";
				CLANG_ENABLE_MODULES = YES;
				CLANG_ENABLE_OBJC_ARC = YES;
				CLANG_ENABLE_OBJC_WEAK = YES;
				CLANG_WARN_BLOCK_CAPTURE_AUTORELEASING = YES;
				CLANG_WARN_BOOL_CONVERSION = YES;
				CLANG_WARN_COMMA = YES;
				CLANG_WARN_CONSTANT_CONVERSION = YES;
				CLANG_WARN_DEPRECATED_OBJC_IMPLEMENTATIONS = YES;
				CLANG_WARN_DIRECT_OBJC_ISA_USAGE = YES_ERROR;
				CLANG_WARN_DOCUMENTATION_COMMENTS = YES;
				CLANG_WARN_EMPTY_BODY = YES;
				CLANG_WARN_ENUM_CONVERSION = YES;
				CLANG_WARN_INFINITE_RECURSION = YES;
				CLANG_WARN_INT_CONVERSION = YES;
				CLANG_WARN_NON_LITERAL_NULL_CONVERSION = YES;
				CLANG_WARN_OBJC_IMPLICIT_RETAIN_SELF = YES;
				CLANG_WARN_OBJC_LITERAL_CONVERSION = YES;
				CLANG_WARN_OBJC_ROOT_CLASS = YES_ERROR;
				CLANG_WARN_QUOTED_INCLUDE_IN_FRAMEWORK_HEADER = YES;
				CLANG_WARN_RANGE_LOOP_ANALYSIS = YES;
				CLANG_WARN_STRICT_PROTOTYPES = YES;
				CLANG_WARN_SUSPICIOUS_MOVE = YES;
				CLANG_WARN_UNGUARDED_AVAILABILITY = YES_AGGRESSIVE;
				CLANG_WARN_UNREACHABLE_CODE = YES;
				CLANG_WARN__DUPLICATE_METHOD_MATCH = YES;
				COPY_PHASE_STRIP = NO;
				DEBUG_INFORMATION_FORMAT = "dwarf-with-dsym";
				ENABLE_NS_ASSERTIONS = NO;
				ENABLE_STRICT_OBJC_MSGSEND = YES;
				GCC_C_LANGUAGE_STANDARD = gnu11;
				GCC_NO_COMMON_BLOCKS = YES;
				GCC_WARN_64_TO_32_BIT_CONVERSION = YES;
				GCC_WARN_ABOUT_RETURN_TYPE = YES_ERROR;
				GCC_WARN_UNDECLARED_SELECTOR = YES;
				GCC_WARN_UNINITIALIZED_AUTOS = YES_AGGRESSIVE;
				GCC_WARN_UNUSED_FUNCTION = YES;
				GCC_WARN_UNUSED_VARIABLE = YES;
				IPHONEOS_DEPLOYMENT_TARGET = 15.5;
				MTL_ENABLE_DEBUG_INFO = NO;
				MTL_FAST_MATH = YES;
				SDKROOT = iphoneos;
				SWIFT_COMPILATION_MODE = wholemodule;
				SWIFT_OPTIMIZATION_LEVEL = "-O";
				VALIDATE_PRODUCT = YES;
			};
			name = Release;
		};
		DE4811252919335F00BCE15F /* Debug */ = {
			isa = XCBuildConfiguration;
			buildSettings = {
				ASSETCATALOG_COMPILER_APPICON_NAME = AppIcon;
				ASSETCATALOG_COMPILER_GLOBAL_ACCENT_COLOR_NAME = AccentColor;
				CODE_SIGN_STYLE = Automatic;
				CURRENT_PROJECT_VERSION = 1;
				DEVELOPMENT_ASSET_PATHS = "\"shopping/Preview Content\"";
				ENABLE_PREVIEWS = YES;
				GENERATE_INFOPLIST_FILE = YES;
				INFOPLIST_KEY_UIApplicationSceneManifest_Generation = YES;
				INFOPLIST_KEY_UIApplicationSupportsIndirectInputEvents = YES;
				INFOPLIST_KEY_UILaunchScreen_Generation = YES;
				INFOPLIST_KEY_UISupportedInterfaceOrientations_iPad = "UIInterfaceOrientationPortrait UIInterfaceOrientationPortraitUpsideDown UIInterfaceOrientationLandscapeLeft UIInterfaceOrientationLandscapeRight";
				INFOPLIST_KEY_UISupportedInterfaceOrientations_iPhone = "UIInterfaceOrientationPortrait UIInterfaceOrientationLandscapeLeft UIInterfaceOrientationLandscapeRight";
				LD_RUNPATH_SEARCH_PATHS = (
					"$(inherited)",
					"@executable_path/Frameworks",
				);
				MARKETING_VERSION = 1.0;
				PRODUCT_BUNDLE_IDENTIFIER = com.shopping;
				PRODUCT_NAME = "$(TARGET_NAME)";
				SWIFT_EMIT_LOC_STRINGS = YES;
				SWIFT_VERSION = 5.0;
				TARGETED_DEVICE_FAMILY = "1,2";
			};
			name = Debug;
		};
		DE4811262919335F00BCE15F /* Release */ = {
			isa = XCBuildConfiguration;
			buildSettings = {
				ASSETCATALOG_COMPILER_APPICON_NAME = AppIcon;
				ASSETCATALOG_COMPILER_GLOBAL_ACCENT_COLOR_NAME = AccentColor;
				CODE_SIGN_STYLE = Automatic;
				CURRENT_PROJECT_VERSION = 1;
				DEVELOPMENT_ASSET_PATHS = "\"shopping/Preview Content\"";
				ENABLE_PREVIEWS = YES;
				GENERATE_INFOPLIST_FILE = YES;
				INFOPLIST_KEY_UIApplicationSceneManifest_Generation = YES;
				INFOPLIST_KEY_UIApplicationSupportsIndirectInputEvents = YES;
				INFOPLIST_KEY_UILaunchScreen_Generation = YES;
				INFOPLIST_KEY_UISupportedInterfaceOrientations_iPad = "UIInterfaceOrientationPortrait UIInterfaceOrientationPortraitUpsideDown UIInterfaceOrientationLandscapeLeft UIInterfaceOrientationLandscapeRight";
				INFOPLIST_KEY_UISupportedInterfaceOrientations_iPhone = "UIInterfaceOrientationPortrait UIInterfaceOrientationLandscapeLeft UIInterfaceOrientationLandscapeRight";
				LD_RUNPATH_SEARCH_PATHS = (
					"$(inherited)",
					"@executable_path/Frameworks",
				);
				MARKETING_VERSION = 1.0;
				PRODUCT_BUNDLE_IDENTIFIER = com.shopping;
				PRODUCT_NAME = "$(TARGET_NAME)";
				SWIFT_EMIT_LOC_STRINGS = YES;
				SWIFT_VERSION = 5.0;
				TARGETED_DEVICE_FAMILY = "1,2";
			};
			name = Release;
		};
		DE4811282919335F00BCE15F /* Debug */ = {
			isa = XCBuildConfiguration;
			buildSettings = {
				ALWAYS_EMBED_SWIFT_STANDARD_LIBRARIES = YES;
				BUNDLE_LOADER = "$(TEST_HOST)";
				CODE_SIGN_STYLE = Automatic;
				CURRENT_PROJECT_VERSION = 1;
				GENERATE_INFOPLIST_FILE = YES;
				IPHONEOS_DEPLOYMENT_TARGET = 15.5;
				MARKETING_VERSION = 1.0;
				PRODUCT_BUNDLE_IDENTIFIER = com.shoppingTests;
				PRODUCT_NAME = "$(TARGET_NAME)";
				SWIFT_EMIT_LOC_STRINGS = NO;
				SWIFT_VERSION = 5.0;
				TARGETED_DEVICE_FAMILY = "1,2";
				TEST_HOST = "$(BUILT_PRODUCTS_DIR)/shopping.app/shopping";
			};
			name = Debug;
		};
		DE4811292919335F00BCE15F /* Release */ = {
			isa = XCBuildConfiguration;
			buildSettings = {
				ALWAYS_EMBED_SWIFT_STANDARD_LIBRARIES = YES;
				BUNDLE_LOADER = "$(TEST_HOST)";
				CODE_SIGN_STYLE = Automatic;
				CURRENT_PROJECT_VERSION = 1;
				GENERATE_INFOPLIST_FILE = YES;
				IPHONEOS_DEPLOYMENT_TARGET = 15.5;
				MARKETING_VERSION = 1.0;
				PRODUCT_BUNDLE_IDENTIFIER = com.shoppingTests;
				PRODUCT_NAME = "$(TARGET_NAME)";
				SWIFT_EMIT_LOC_STRINGS = NO;
				SWIFT_VERSION = 5.0;
				TARGETED_DEVICE_FAMILY = "1,2";
				TEST_HOST = "$(BUILT_PRODUCTS_DIR)/shopping.app/shopping";
			};
			name = Release;
		};
		DE48112B2919335F00BCE15F /* Debug */ = {
			isa = XCBuildConfiguration;
			buildSettings = {
				ALWAYS_EMBED_SWIFT_STANDARD_LIBRARIES = YES;
				CODE_SIGN_STYLE = Automatic;
				CURRENT_PROJECT_VERSION = 1;
				GENERATE_INFOPLIST_FILE = YES;
				MARKETING_VERSION = 1.0;
				PRODUCT_BUNDLE_IDENTIFIER = com.shoppingUITests;
				PRODUCT_NAME = "$(TARGET_NAME)";
				SWIFT_EMIT_LOC_STRINGS = NO;
				SWIFT_VERSION = 5.0;
				TARGETED_DEVICE_FAMILY = "1,2";
				TEST_TARGET_NAME = shopping;
			};
			name = Debug;
		};
		DE48112C2919335F00BCE15F /* Release */ = {
			isa = XCBuildConfiguration;
			buildSettings = {
				ALWAYS_EMBED_SWIFT_STANDARD_LIBRARIES = YES;
				CODE_SIGN_STYLE = Automatic;
				CURRENT_PROJECT_VERSION = 1;
				GENERATE_INFOPLIST_FILE = YES;
				MARKETING_VERSION = 1.0;
				PRODUCT_BUNDLE_IDENTIFIER = com.shoppingUITests;
				PRODUCT_NAME = "$(TARGET_NAME)";
				SWIFT_EMIT_LOC_STRINGS = NO;
				SWIFT_VERSION = 5.0;
				TARGETED_DEVICE_FAMILY = "1,2";
				TEST_TARGET_NAME = shopping;
			};
			name = Release;
		};
/* End XCBuildConfiguration section */

/* Begin XCConfigurationList section */
		DE4810FB2919335A00BCE15F /* Build configuration list for PBXProject "shopping" */ = {
			isa = XCConfigurationList;
			buildConfigurations = (
				DE4811222919335F00BCE15F /* Debug */,
				DE4811232919335F00BCE15F /* Release */,
			);
			defaultConfigurationIsVisible = 0;
			defaultConfigurationName = Release;
		};
		DE4811242919335F00BCE15F /* Build configuration list for PBXNativeTarget "shopping" */ = {
			isa = XCConfigurationList;
			buildConfigurations = (
				DE4811252919335F00BCE15F /* Debug */,
				DE4811262919335F00BCE15F /* Release */,
			);
			defaultConfigurationIsVisible = 0;
			defaultConfigurationName = Release;
		};
		DE4811272919335F00BCE15F /* Build configuration list for PBXNativeTarget "shoppingTests" */ = {
			isa = XCConfigurationList;
			buildConfigurations = (
				DE4811282919335F00BCE15F /* Debug */,
				DE4811292919335F00BCE15F /* Release */,
			);
			defaultConfigurationIsVisible = 0;
			defaultConfigurationName = Release;
		};
		DE48112A2919335F00BCE15F /* Build configuration list for PBXNativeTarget "shoppingUITests" */ = {
			isa = XCConfigurationList;
			buildConfigurations = (
				DE48112B2919335F00BCE15F /* Debug */,
				DE48112C2919335F00BCE15F /* Release */,
			);
			defaultConfigurationIsVisible = 0;
			defaultConfigurationName = Release;
		};
/* End XCConfigurationList section */

/* Begin XCRemoteSwiftPackageReference section */
		DE17B5522965CC8500D2590C /* XCRemoteSwiftPackageReference "firebase-ios-sdk" */ = {
			isa = XCRemoteSwiftPackageReference;
			repositoryURL = "https://github.com/firebase/firebase-ios-sdk";
			requirement = {
				branch = master;
				kind = branch;
			};
		};
		DE48113D2919444E00BCE15F /* XCRemoteSwiftPackageReference "firebase-ios-sdk" */ = {
			isa = XCRemoteSwiftPackageReference;
			repositoryURL = "https://github.com/firebase/firebase-ios-sdk";
			requirement = {
				branch = master;
				kind = branch;
			};
		};
/* End XCRemoteSwiftPackageReference section */

/* Begin XCSwiftPackageProductDependency section */
		DE17B5532965CC8500D2590C /* FirebaseStorage */ = {
			isa = XCSwiftPackageProductDependency;
			package = DE48113D2919444E00BCE15F /* XCRemoteSwiftPackageReference "firebase-ios-sdk" */;
			productName = FirebaseStorage;
		};
		DE17B5552965CC8500D2590C /* FirebaseStorageCombine-Community */ = {
			isa = XCSwiftPackageProductDependency;
			package = DE48113D2919444E00BCE15F /* XCRemoteSwiftPackageReference "firebase-ios-sdk" */;
			productName = "FirebaseStorageCombine-Community";
		};
		DE48113E2919444E00BCE15F /* FirebaseAnalytics */ = {
			isa = XCSwiftPackageProductDependency;
			package = DE48113D2919444E00BCE15F /* XCRemoteSwiftPackageReference "firebase-ios-sdk" */;
			productName = FirebaseAnalytics;
		};
		DE4811402919444E00BCE15F /* FirebaseAuth */ = {
			isa = XCSwiftPackageProductDependency;
			package = DE48113D2919444E00BCE15F /* XCRemoteSwiftPackageReference "firebase-ios-sdk" */;
			productName = FirebaseAuth;
		};
		DE4811422919444E00BCE15F /* FirebaseFirestore */ = {
			isa = XCSwiftPackageProductDependency;
			package = DE48113D2919444E00BCE15F /* XCRemoteSwiftPackageReference "firebase-ios-sdk" */;
			productName = FirebaseFirestore;
		};
		DE4811442919444E00BCE15F /* FirebaseFirestoreCombine-Community */ = {
			isa = XCSwiftPackageProductDependency;
			package = DE48113D2919444E00BCE15F /* XCRemoteSwiftPackageReference "firebase-ios-sdk" */;
			productName = "FirebaseFirestoreCombine-Community";
		};
		DE4811462919444E00BCE15F /* FirebaseStorage */ = {
			isa = XCSwiftPackageProductDependency;
			package = DE48113D2919444E00BCE15F /* XCRemoteSwiftPackageReference "firebase-ios-sdk" */;
			productName = FirebaseStorage;
		};
/* End XCSwiftPackageProductDependency section */
	};
	rootObject = DE4810F82919335A00BCE15F /* Project object */;
}
